
Microsoft Visual Studio Solution File, Format Version 12.00
# Visual Studio Version 17
VisualStudioVersion = 17.13.35931.197 d17.13
MinimumVisualStudioVersion = 10.0.40219.1
Project("{FAE04EC0-301F-11D3-BF4B-00C04F79EFBC}") = "DBConnection", "DBConnection.csproj", "{A0DAB991-5ABD-4957-9A1C-5E3E96D7B13F}"
EndProject
Global
	GlobalSection(SolutionConfigurationPlatforms) = preSolution
		Debug|Any CPU = Debug|Any CPU
		Release|Any CPU = Release|Any CPU
	EndGlobalSection
	GlobalSection(ProjectConfigurationPlatforms) = postSolution
		{A0DAB991-5ABD-4957-9A1C-5E3E96D7B13F}.Debug|Any CPU.ActiveCfg = Debug|Any CPU
		{A0DAB991-5ABD-4957-9A1C-5E3E96D7B13F}.Debug|Any CPU.Build.0 = Debug|Any CPU
		{A0DAB991-5ABD-4957-9A1C-5E3E96D7B13F}.Release|Any CPU.ActiveCfg = Release|Any CPU
		{A0DAB991-5ABD-4957-9A1C-5E3E96D7B13F}.Release|Any CPU.Build.0 = Release|Any CPU
	EndGlobalSection
	GlobalSection(SolutionProperties) = preSolution
		HideSolutionNode = FALSE
	EndGlobalSection
	GlobalSection(ExtensibilityGlobals) = postSolution
		SolutionGuid = {18DBFF70-602A-4F8C-A93D-FAE5ACCF2E46}
	EndGlobalSection
EndGlobal
